
Microsoft Visual Studio Solution File, Format Version 12.00
# Visual Studio Version 17
VisualStudioVersion = 17.8.34316.72
MinimumVisualStudioVersion = 10.0.40219.1
Project("{FAE04EC0-301F-11D3-BF4B-00C04F79EFBC}") = "SportsStore.Domain", "SportsStore.Domain\SportsStore.Domain.csproj", "{A8478747-6E6D-4C1F-9AA2-0622AB1D1946}"
EndProject
Project("{FAE04EC0-301F-11D3-BF4B-00C04F79EFBC}") = "SportsStore.WebUI", "SportsStore.WebUI\SportsStore.WebUI.csproj", "{3CB7F3AE-07B0-4981-9724-EB8080AA7597}"
EndProject
Project("{FAE04EC0-301F-11D3-BF4B-00C04F79EFBC}") = "SportsStore.UnitTests", "SportsStore.UnitTests\SportsStore.UnitTests.csproj", "{F8D1C4DA-184B-425F-B9DE-159F95C1F61C}"
EndProject
Global
	GlobalSection(SolutionConfigurationPlatforms) = preSolution
		Debug|Any CPU = Debug|Any CPU
		Release|Any CPU = Release|Any CPU
	EndGlobalSection
	GlobalSection(ProjectConfigurationPlatforms) = postSolution
		{A8478747-6E6D-4C1F-9AA2-0622AB1D1946}.Debug|Any CPU.ActiveCfg = Debug|Any CPU
		{A8478747-6E6D-4C1F-9AA2-0622AB1D1946}.Debug|Any CPU.Build.0 = Debug|Any CPU
		{A8478747-6E6D-4C1F-9AA2-0622AB1D1946}.Release|Any CPU.ActiveCfg = Release|Any CPU
		{A8478747-6E6D-4C1F-9AA2-0622AB1D1946}.Release|Any CPU.Build.0 = Release|Any CPU
		{3CB7F3AE-07B0-4981-9724-EB8080AA7597}.Debug|Any CPU.ActiveCfg = Debug|Any CPU
		{3CB7F3AE-07B0-4981-9724-EB8080AA7597}.Debug|Any CPU.Build.0 = Debug|Any CPU
		{3CB7F3AE-07B0-4981-9724-EB8080AA7597}.Release|Any CPU.ActiveCfg = Release|Any CPU
		{3CB7F3AE-07B0-4981-9724-EB8080AA7597}.Release|Any CPU.Build.0 = Release|Any CPU
		{F8D1C4DA-184B-425F-B9DE-159F95C1F61C}.Debug|Any CPU.ActiveCfg = Debug|Any CPU
		{F8D1C4DA-184B-425F-B9DE-159F95C1F61C}.Debug|Any CPU.Build.0 = Debug|Any CPU
		{F8D1C4DA-184B-425F-B9DE-159F95C1F61C}.Release|Any CPU.ActiveCfg = Release|Any CPU
		{F8D1C4DA-184B-425F-B9DE-159F95C1F61C}.Release|Any CPU.Build.0 = Release|Any CPU
	EndGlobalSection
	GlobalSection(SolutionProperties) = preSolution
		HideSolutionNode = FALSE
	EndGlobalSection
	GlobalSection(ExtensibilityGlobals) = postSolution
		SolutionGuid = {FEDAF8DC-4408-441F-80CE-0268D00831C7}
	EndGlobalSection
EndGlobal
