
Microsoft Visual Studio Solution File, Format Version 12.00
# Visual Studio Version 17
VisualStudioVersion = 17.11.35222.181
MinimumVisualStudioVersion = 10.0.40219.1
Project("{9A19103F-16F7-4668-BE54-9A1E7A4F7556}") = "PostApiService", "PostApiService\PostApiService.csproj", "{31ABE451-3156-4FAA-8154-0DCF1983C189}"
EndProject
Project("{9A19103F-16F7-4668-BE54-9A1E7A4F7556}") = "PostApiService.Tests", "PostApiService.Tests\PostApiService.Tests.csproj", "{CE8D3347-1945-4101-88CF-3EFE311BA760}"
EndProject
Global
	GlobalSection(SolutionConfigurationPlatforms) = preSolution
		Debug|Any CPU = Debug|Any CPU
		Release|Any CPU = Release|Any CPU
	EndGlobalSection
	GlobalSection(ProjectConfigurationPlatforms) = postSolution
		{31ABE451-3156-4FAA-8154-0DCF1983C189}.Debug|Any CPU.ActiveCfg = Debug|Any CPU
		{31ABE451-3156-4FAA-8154-0DCF1983C189}.Debug|Any CPU.Build.0 = Debug|Any CPU
		{31ABE451-3156-4FAA-8154-0DCF1983C189}.Release|Any CPU.ActiveCfg = Release|Any CPU
		{31ABE451-3156-4FAA-8154-0DCF1983C189}.Release|Any CPU.Build.0 = Release|Any CPU
		{CE8D3347-1945-4101-88CF-3EFE311BA760}.Debug|Any CPU.ActiveCfg = Debug|Any CPU
		{CE8D3347-1945-4101-88CF-3EFE311BA760}.Debug|Any CPU.Build.0 = Debug|Any CPU
		{CE8D3347-1945-4101-88CF-3EFE311BA760}.Release|Any CPU.ActiveCfg = Release|Any CPU
		{CE8D3347-1945-4101-88CF-3EFE311BA760}.Release|Any CPU.Build.0 = Release|Any CPU
	EndGlobalSection
	GlobalSection(SolutionProperties) = preSolution
		HideSolutionNode = FALSE
	EndGlobalSection
	GlobalSection(ExtensibilityGlobals) = postSolution
		SolutionGuid = {CAFFBD0B-3F6D-4237-84C5-02A58D44A3F5}
	EndGlobalSection
EndGlobal
